# This file is automatically @generated by Cargo.
# It is not intended for manual editing.
version = 4

[[package]]
name = "bitflags"
version = "2.12.1"
source = "registry+https://github.com/rust-lang/crates.io-index"
checksum = "84d7ced0ae9557296835c32bf1b1e02b44c746701f898460fb000d7eaa84f00a"

[[package]]
name = "microui-rs"
version = "0.1.0"
dependencies = [
 "bitflags",
]
